Microsoft Visual Studio Solution File, Format Version 12.00
# Visual Studio Version 17
VisualStudioVersion = 17.13.35931.197
MinimumVisualStudioVersion = 10.0.40219.1
Project("{FAE04EC0-301F-11D3-BF4B-00C04F79EFBC}") = "ParaBank_CSharp", "ParaBank_CSharp.csproj", "{184262FE-A30A-5FC2-322C-7E9724B90D5B}"
EndProject
Global
	GlobalSection(SolutionConfigurationPlatforms) = preSolution
		Release|Any CPU = Release|Any CPU
	EndGlobalSection
	GlobalSection(ProjectConfigurationPlatforms) = postSolution
		{184262FE-A30A-5FC2-322C-7E9724B90D5B}.Release|Any CPU.ActiveCfg = Debug|Any CPU
		{184262FE-A30A-5FC2-322C-7E9724B90D5B}.Release|Any CPU.Build.0 = Debug|Any CPU
	EndGlobalSection
	GlobalSection(SolutionProperties) = preSolution
		HideSolutionNode = FALSE
	EndGlobalSection
	GlobalSection(ExtensibilityGlobals) = postSolution
		SolutionGuid = {04066CEC-C2CE-46A3-9733-9E4B24F1E452}
	EndGlobalSection
EndGlobal
